
Microsoft Visual Studio Solution File, Format Version 12.00
# Visual Studio Version 17
VisualStudioVersion = 17.3.32825.248
MinimumVisualStudioVersion = 10.0.40219.1
Project("{FAE04EC0-301F-11D3-BF4B-00C04F79EFBC}") = "Практическая 7", "Практическая 7\Практическая 7.csproj", "{4892C992-282D-474A-95D3-702B24945285}"
EndProject
Global
	GlobalSection(SolutionConfigurationPlatforms) = preSolution
		Debug|Any CPU = Debug|Any CPU
		Release|Any CPU = Release|Any CPU
	EndGlobalSection
	GlobalSection(ProjectConfigurationPlatforms) = postSolution
		{4892C992-282D-474A-95D3-702B24945285}.Debug|Any CPU.ActiveCfg = Debug|Any CPU
		{4892C992-282D-474A-95D3-702B24945285}.Debug|Any CPU.Build.0 = Debug|Any CPU
		{4892C992-282D-474A-95D3-702B24945285}.Release|Any CPU.ActiveCfg = Release|Any CPU
		{4892C992-282D-474A-95D3-702B24945285}.Release|Any CPU.Build.0 = Release|Any CPU
	EndGlobalSection
	GlobalSection(SolutionProperties) = preSolution
		HideSolutionNode = FALSE
	EndGlobalSection
	GlobalSection(ExtensibilityGlobals) = postSolution
		SolutionGuid = {FF1638C5-8993-4AFF-97EE-DA9F41B2296E}
	EndGlobalSection
EndGlobal
